
Microsoft Visual Studio Solution File, Format Version 12.00
# Visual Studio Version 17
VisualStudioVersion = 17.13.35825.156 d17.13
MinimumVisualStudioVersion = 10.0.40219.1
Project("{FAE04EC0-301F-11D3-BF4B-00C04F79EFBC}") = "EasyWeather", "EasyWeather.csproj", "{E53DE704-9ED7-4C17-A05B-2DF946F11E7A}"
EndProject
Global
	GlobalSection(SolutionConfigurationPlatforms) = preSolution
		Debug|Any CPU = Debug|Any CPU
		Release|Any CPU = Release|Any CPU
	EndGlobalSection
	GlobalSection(ProjectConfigurationPlatforms) = postSolution
		{E53DE704-9ED7-4C17-A05B-2DF946F11E7A}.Debug|Any CPU.ActiveCfg = Debug|Any CPU
		{E53DE704-9ED7-4C17-A05B-2DF946F11E7A}.Debug|Any CPU.Build.0 = Debug|Any CPU
		{E53DE704-9ED7-4C17-A05B-2DF946F11E7A}.Release|Any CPU.ActiveCfg = Release|Any CPU
		{E53DE704-9ED7-4C17-A05B-2DF946F11E7A}.Release|Any CPU.Build.0 = Release|Any CPU
	EndGlobalSection
	GlobalSection(SolutionProperties) = preSolution
		HideSolutionNode = FALSE
	EndGlobalSection
	GlobalSection(ExtensibilityGlobals) = postSolution
		SolutionGuid = {9D2ECDBD-6BE6-4E06-B2B6-859334397F69}
	EndGlobalSection
EndGlobal
